
Microsoft Visual Studio Solution File, Format Version 12.00
# Visual Studio Version 17
VisualStudioVersion = 17.3.32825.248
MinimumVisualStudioVersion = 10.0.40219.1
Project("{FAE04EC0-301F-11D3-BF4B-00C04F79EFBC}") = "ProfileService", "ProfileService\ProfileService.csproj", "{4979CFEC-A708-4C45-B499-05D10B3E259C}"
EndProject
Project("{FAE04EC0-301F-11D3-BF4B-00C04F79EFBC}") = "Domain", "Domain\Domain.csproj", "{9AF86456-2872-4395-A1C7-367A3BE3AA62}"
EndProject
Project("{FAE04EC0-301F-11D3-BF4B-00C04F79EFBC}") = "Infrastructure", "Infrastructure\Infrastructure.csproj", "{DA490F73-9253-4298-8520-BACE21F9336C}"
EndProject
Global
	GlobalSection(SolutionConfigurationPlatforms) = preSolution
		Debug|Any CPU = Debug|Any CPU
		Release|Any CPU = Release|Any CPU
	EndGlobalSection
	GlobalSection(ProjectConfigurationPlatforms) = postSolution
		{4979CFEC-A708-4C45-B499-05D10B3E259C}.Debug|Any CPU.ActiveCfg = Debug|Any CPU
		{4979CFEC-A708-4C45-B499-05D10B3E259C}.Debug|Any CPU.Build.0 = Debug|Any CPU
		{4979CFEC-A708-4C45-B499-05D10B3E259C}.Release|Any CPU.ActiveCfg = Release|Any CPU
		{4979CFEC-A708-4C45-B499-05D10B3E259C}.Release|Any CPU.Build.0 = Release|Any CPU
		{9AF86456-2872-4395-A1C7-367A3BE3AA62}.Debug|Any CPU.ActiveCfg = Debug|Any CPU
		{9AF86456-2872-4395-A1C7-367A3BE3AA62}.Debug|Any CPU.Build.0 = Debug|Any CPU
		{9AF86456-2872-4395-A1C7-367A3BE3AA62}.Release|Any CPU.ActiveCfg = Release|Any CPU
		{9AF86456-2872-4395-A1C7-367A3BE3AA62}.Release|Any CPU.Build.0 = Release|Any CPU
		{DA490F73-9253-4298-8520-BACE21F9336C}.Debug|Any CPU.ActiveCfg = Debug|Any CPU
		{DA490F73-9253-4298-8520-BACE21F9336C}.Debug|Any CPU.Build.0 = Debug|Any CPU
		{DA490F73-9253-4298-8520-BACE21F9336C}.Release|Any CPU.ActiveCfg = Release|Any CPU
		{DA490F73-9253-4298-8520-BACE21F9336C}.Release|Any CPU.Build.0 = Release|Any CPU
	EndGlobalSection
	GlobalSection(SolutionProperties) = preSolution
		HideSolutionNode = FALSE
	EndGlobalSection
	GlobalSection(ExtensibilityGlobals) = postSolution
		SolutionGuid = {E7EC6BD7-E597-48CC-91C9-6E3766D5A774}
	EndGlobalSection
EndGlobal
